# THIS IS AN AUTOGENERATED FILE. DO NOT EDIT THIS FILE DIRECTLY.
# yarn lockfile v1


"@skygear/web@2.2.0":
  version "2.2.0"
  resolved "https://registry.yarnpkg.com/@skygear/web/-/web-2.2.0.tgz#68b6b910af46941a1e5d0bf112a9b5c6c4e683bf"
  integrity sha512-KYazHzhfs6YJu2Hchg7OewUshnQFvqRwOS3dzCoQYVrY+10hpWA0dLaNYq5YYllx/IcsUy7ZPAwFKFQUg7wjqA==
